// !$*UTF8*$!
{
	archiveVersion = 1;
	classes = {
	};
	objectVersion = 51;
	objects = {

/* Begin PBXBuildFile section */
		4B121BC12718043400268356 /* AppDelegate.swift in Sources */ = {isa = PBXBuildFile; fileRef = 4B121BC02718043400268356 /* AppDelegate.swift */; };
		4B121BC32718043400268356 /* SceneDelegate.swift in Sources */ = {isa = PBXBuildFile; fileRef = 4B121BC22718043400268356 /* SceneDelegate.swift */; };
		4B121BC52718043400268356 /* ViewController.swift in Sources */ = {isa = PBXBuildFile; fileRef = 4B121BC42718043400268356 /* ViewController.swift */; };
		4B121BC82718043400268356 /* Main.storyboard in Resources */ = {isa = PBXBuildFile; fileRef = 4B121BC62718043400268356 /* Main.storyboard */; };
		4B121BCA2718043700268356 /* Assets.xcassets in Resources */ = {isa = PBXBuildFile; fileRef = 4B121BC92718043700268356 /* Assets.xcassets */; };
		4B121BCD2718043700268356 /* LaunchScreen.storyboard in Resources */ = {isa = PBXBuildFile; fileRef = 4B121BCB2718043700268356 /* LaunchScreen.storyboard */; };
		4B121BD52718048A00268356 /* Podfile in Resources */ = {isa = PBXBuildFile; fileRef = 4B121BD42718048A00268356 /* Podfile */; };
		4B5D813827204CF600DDB60A /* PaymentManager.swift in Sources */ = {isa = PBXBuildFile; fileRef = 4B5D813727204CF600DDB60A /* PaymentManager.swift */; };
		4B5D813A27204D0F00DDB60A /* ServiceManager.swift in Sources */ = {isa = PBXBuildFile; fileRef = 4B5D813927204D0F00DDB60A /* ServiceManager.swift */; };
		4B5D814927205E3400DDB60A /* ImageRepository.swift in Sources */ = {isa = PBXBuildFile; fileRef = 4B5D814827205E3300DDB60A /* ImageRepository.swift */; };
		4B5D814E27206A0500DDB60A /* ServiceEntity+CoreDataProperties.swift in Sources */ = {isa = PBXBuildFile; fileRef = 4B5D814A27206A0500DDB60A /* ServiceEntity+CoreDataProperties.swift */; };
		4B5D814F27206A0500DDB60A /* PaymentEntity+CoreDataClass.swift in Sources */ = {isa = PBXBuildFile; fileRef = 4B5D814B27206A0500DDB60A /* PaymentEntity+CoreDataClass.swift */; };
		4B5D815027206A0500DDB60A /* ServiceEntity+CoreDataClass.swift in Sources */ = {isa = PBXBuildFile; fileRef = 4B5D814C27206A0500DDB60A /* ServiceEntity+CoreDataClass.swift */; };
		4B5D815127206A0500DDB60A /* PaymentEntity+CoreDataProperties.swift in Sources */ = {isa = PBXBuildFile; fileRef = 4B5D814D27206A0500DDB60A /* PaymentEntity+CoreDataProperties.swift */; };
		4B6665C42720959100587893 /* ServiceTVC.swift in Sources */ = {isa = PBXBuildFile; fileRef = 4B6665C32720959100587893 /* ServiceTVC.swift */; };
		4B6665C62721241500587893 /* PaymentTVC.swift in Sources */ = {isa = PBXBuildFile; fileRef = 4B6665C52721241500587893 /* PaymentTVC.swift */; };
		4B6665C927216E4D00587893 /* DeviceUtils.swift in Sources */ = {isa = PBXBuildFile; fileRef = 4B6665C827216E4D00587893 /* DeviceUtils.swift */; };
		4B7845C9271FF0500064DDFE /* Payment.swift in Sources */ = {isa = PBXBuildFile; fileRef = 4B7845C8271FF0500064DDFE /* Payment.swift */; };
		4B7845CC271FF0E50064DDFE /* PaymnetList.swift in Sources */ = {isa = PBXBuildFile; fileRef = 4B7845CB271FF0E50064DDFE /* PaymnetList.swift */; };
		4B7845CE271FF17C0064DDFE /* PaymentTableViewCell.swift in Sources */ = {isa = PBXBuildFile; fileRef = 4B7845CD271FF17C0064DDFE /* PaymentTableViewCell.swift */; };
		4B7845D1271FF2E10064DDFE /* Observable.swift in Sources */ = {isa = PBXBuildFile; fileRef = 4B7845D0271FF2E10064DDFE /* Observable.swift */; };
		4B7845D4271FFCDC0064DDFE /* PaymentRepository.swift in Sources */ = {isa = PBXBuildFile; fileRef = 4B7845D3271FFCDC0064DDFE /* PaymentRepository.swift */; };
		4B8C8484271AF1CE008892AA /* CustomTabViewController.swift in Sources */ = {isa = PBXBuildFile; fileRef = 4B8C8483271AF1CE008892AA /* CustomTabViewController.swift */; };
		4B96C211271C36BC0047689C /* HomeViewController.swift in Sources */ = {isa = PBXBuildFile; fileRef = 4B96C210271C36BC0047689C /* HomeViewController.swift */; };
		4B96C213271C37260047689C /* HistoryViewController.swift in Sources */ = {isa = PBXBuildFile; fileRef = 4B96C212271C37260047689C /* HistoryViewController.swift */; };
		4BEF5CE92720425200554997 /* MegApp.xcdatamodeld in Sources */ = {isa = PBXBuildFile; fileRef = 4BEF5CE72720425200554997 /* MegApp.xcdatamodeld */; };
		4BF73B0B27201E91006BEC2C /* ServiceTableViewCellViewModel.swift in Sources */ = {isa = PBXBuildFile; fileRef = 4BF73B0A27201E91006BEC2C /* ServiceTableViewCellViewModel.swift */; };
		4BF73B0D27201ED1006BEC2C /* ServiceList.swift in Sources */ = {isa = PBXBuildFile; fileRef = 4BF73B0C27201ED1006BEC2C /* ServiceList.swift */; };
		4BF73B0F27201EFB006BEC2C /* Service.swift in Sources */ = {isa = PBXBuildFile; fileRef = 4BF73B0E27201EFB006BEC2C /* Service.swift */; };
		4BF73B13272021D2006BEC2C /* ServiceRepository.swift in Sources */ = {isa = PBXBuildFile; fileRef = 4BF73B12272021D2006BEC2C /* ServiceRepository.swift */; };
		4BF73B15272027F2006BEC2C /* Config.swift in Sources */ = {isa = PBXBuildFile; fileRef = 4BF73B14272027F2006BEC2C /* Config.swift */; };
		4BF73B1727202927006BEC2C /* ServicePaymentViewController.swift in Sources */ = {isa = PBXBuildFile; fileRef = 4BF73B1627202927006BEC2C /* ServicePaymentViewController.swift */; };
		4BF73B192720315F006BEC2C /* PaymentDetailsViewController.swift in Sources */ = {isa = PBXBuildFile; fileRef = 4BF73B182720315F006BEC2C /* PaymentDetailsViewController.swift */; };
/* End PBXBuildFile section */

/* Begin PBXFileReference section */
		48BBC87BC67158F01127FE03 /* Pods-taskApp.debug.xcconfig */ = {isa = PBXFileReference; includeInIndex = 1; lastKnownFileType = text.xcconfig; name = "Pods-taskApp.debug.xcconfig"; path = "Target Support Files/Pods-taskApp/Pods-taskApp.debug.xcconfig"; sourceTree = "<group>"; };
		4B121BBD2718043400268356 /* taskApp.app */ = {isa = PBXFileReference; explicitFileType = wrapper.application; includeInIndex = 0; path = taskApp.app; sourceTree = BUILT_PRODUCTS_DIR; };
		4B121BC02718043400268356 /* AppDelegate.swift */ = {isa = PBXFileReference; lastKnownFileType = sourcecode.swift; path = AppDelegate.swift; sourceTree = "<group>"; };
		4B121BC22718043400268356 /* SceneDelegate.swift */ = {isa = PBXFileReference; lastKnownFileType = sourcecode.swift; path = SceneDelegate.swift; sourceTree = "<group>"; };
		4B121BC42718043400268356 /* ViewController.swift */ = {isa = PBXFileReference; lastKnownFileType = sourcecode.swift; path = ViewController.swift; sourceTree = "<group>"; };
		4B121BC72718043400268356 /* Base */ = {isa = PBXFileReference; lastKnownFileType = file.storyboard; name = Base; path = Base.lproj/Main.storyboard; sourceTree = "<group>"; };
		4B121BC92718043700268356 /* Assets.xcassets */ = {isa = PBXFileReference; lastKnownFileType = folder.assetcatalog; path = Assets.xcassets; sourceTree = "<group>"; };
		4B121BCC2718043700268356 /* Base */ = {isa = PBXFileReference; lastKnownFileType = file.storyboard; name = Base; path = Base.lproj/LaunchScreen.storyboard; sourceTree = "<group>"; };
		4B121BCE2718043700268356 /* Info.plist */ = {isa = PBXFileReference; lastKnownFileType = text.plist.xml; path = Info.plist; sourceTree = "<group>"; };
		4B121BD42718048A00268356 /* Podfile */ = {isa = PBXFileReference; fileEncoding = 4; lastKnownFileType = text; path = Podfile; sourceTree = SOURCE_ROOT; xcLanguageSpecificationIdentifier = xcode.lang.ruby; };
		4B5D813727204CF600DDB60A /* PaymentManager.swift */ = {isa = PBXFileReference; lastKnownFileType = sourcecode.swift; path = PaymentManager.swift; sourceTree = "<group>"; };
		4B5D813927204D0F00DDB60A /* ServiceManager.swift */ = {isa = PBXFileReference; lastKnownFileType = sourcecode.swift; path = ServiceManager.swift; sourceTree = "<group>"; };
		4B5D813B2720548900DDB60A /* Pods_taskApp.framework */ = {isa = PBXFileReference; explicitFileType = wrapper.framework; path = Pods_taskApp.framework; sourceTree = BUILT_PRODUCTS_DIR; };
		4B5D814827205E3300DDB60A /* ImageRepository.swift */ = {isa = PBXFileReference; lastKnownFileType = sourcecode.swift; path = ImageRepository.swift; sourceTree = "<group>"; };
		4B5D814A27206A0500DDB60A /* ServiceEntity+CoreDataProperties.swift */ = {isa = PBXFileReference; fileEncoding = 4; lastKnownFileType = sourcecode.swift; path = "ServiceEntity+CoreDataProperties.swift"; sourceTree = "<group>"; };
		4B5D814B27206A0500DDB60A /* PaymentEntity+CoreDataClass.swift */ = {isa = PBXFileReference; fileEncoding = 4; lastKnownFileType = sourcecode.swift; path = "PaymentEntity+CoreDataClass.swift"; sourceTree = "<group>"; };
		4B5D814C27206A0500DDB60A /* ServiceEntity+CoreDataClass.swift */ = {isa = PBXFileReference; fileEncoding = 4; lastKnownFileType = sourcecode.swift; path = "ServiceEntity+CoreDataClass.swift"; sourceTree = "<group>"; };
		4B5D814D27206A0500DDB60A /* PaymentEntity+CoreDataProperties.swift */ = {isa = PBXFileReference; fileEncoding = 4; lastKnownFileType = sourcecode.swift; path = "PaymentEntity+CoreDataProperties.swift"; sourceTree = "<group>"; };
		4B6665C32720959100587893 /* ServiceTVC.swift */ = {isa = PBXFileReference; lastKnownFileType = sourcecode.swift; path = ServiceTVC.swift; sourceTree = "<group>"; };
		4B6665C52721241500587893 /* PaymentTVC.swift */ = {isa = PBXFileReference; lastKnownFileType = sourcecode.swift; path = PaymentTVC.swift; sourceTree = "<group>"; };
		4B6665C827216E4D00587893 /* DeviceUtils.swift */ = {isa = PBXFileReference; lastKnownFileType = sourcecode.swift; path = DeviceUtils.swift; sourceTree = "<group>"; };
		4B7845C8271FF0500064DDFE /* Payment.swift */ = {isa = PBXFileReference; lastKnownFileType = sourcecode.swift; path = Payment.swift; sourceTree = "<group>"; };
		4B7845CB271FF0E50064DDFE /* PaymnetList.swift */ = {isa = PBXFileReference; lastKnownFileType = sourcecode.swift; path = PaymnetList.swift; sourceTree = "<group>"; };
		4B7845CD271FF17C0064DDFE /* PaymentTableViewCell.swift */ = {isa = PBXFileReference; lastKnownFileType = sourcecode.swift; path = PaymentTableViewCell.swift; sourceTree = "<group>"; };
		4B7845D0271FF2E10064DDFE /* Observable.swift */ = {isa = PBXFileReference; lastKnownFileType = sourcecode.swift; path = Observable.swift; sourceTree = "<group>"; };
		4B7845D3271FFCDC0064DDFE /* PaymentRepository.swift */ = {isa = PBXFileReference; lastKnownFileType = sourcecode.swift; path = PaymentRepository.swift; sourceTree = "<group>"; };
		4B8C8483271AF1CE008892AA /* CustomTabViewController.swift */ = {isa = PBXFileReference; lastKnownFileType = sourcecode.swift; path = CustomTabViewController.swift; sourceTree = "<group>"; };
		4B96C210271C36BC0047689C /* HomeViewController.swift */ = {isa = PBXFileReference; lastKnownFileType = sourcecode.swift; path = HomeViewController.swift; sourceTree = "<group>"; };
		4B96C212271C37260047689C /* HistoryViewController.swift */ = {isa = PBXFileReference; lastKnownFileType = sourcecode.swift; path = HistoryViewController.swift; sourceTree = "<group>"; };
		4BEF5CE82720425200554997 /* MegApp.xcdatamodel */ = {isa = PBXFileReference; lastKnownFileType = wrapper.xcdatamodel; path = MegApp.xcdatamodel; sourceTree = "<group>"; };
		4BF73B0A27201E91006BEC2C /* ServiceTableViewCellViewModel.swift */ = {isa = PBXFileReference; lastKnownFileType = sourcecode.swift; path = ServiceTableViewCellViewModel.swift; sourceTree = "<group>"; };
		4BF73B0C27201ED1006BEC2C /* ServiceList.swift */ = {isa = PBXFileReference; lastKnownFileType = sourcecode.swift; path = ServiceList.swift; sourceTree = "<group>"; };
		4BF73B0E27201EFB006BEC2C /* Service.swift */ = {isa = PBXFileReference; lastKnownFileType = sourcecode.swift; path = Service.swift; sourceTree = "<group>"; };
		4BF73B12272021D2006BEC2C /* ServiceRepository.swift */ = {isa = PBXFileReference; lastKnownFileType = sourcecode.swift; path = ServiceRepository.swift; sourceTree = "<group>"; };
		4BF73B14272027F2006BEC2C /* Config.swift */ = {isa = PBXFileReference; lastKnownFileType = sourcecode.swift; path = Config.swift; sourceTree = "<group>"; };
		4BF73B1627202927006BEC2C /* ServicePaymentViewController.swift */ = {isa = PBXFileReference; lastKnownFileType = sourcecode.swift; path = ServicePaymentViewController.swift; sourceTree = "<group>"; };
		4BF73B182720315F006BEC2C /* PaymentDetailsViewController.swift */ = {isa = PBXFileReference; lastKnownFileType = sourcecode.swift; path = PaymentDetailsViewController.swift; sourceTree = "<group>"; };
		DB3E37DE46A3C3466C2C834A /* Pods_taskApp.framework */ = {isa = PBXFileReference; explicitFileType = wrapper.framework; includeInIndex = 0; path = Pods_taskApp.framework; sourceTree = BUILT_PRODUCTS_DIR; };
		E4E5857A09274D8F5EC09599 /* Pods-taskApp.release.xcconfig */ = {isa = PBXFileReference; includeInIndex = 1; lastKnownFileType = text.xcconfig; name = "Pods-taskApp.release.xcconfig"; path = "Target Support Files/Pods-taskApp/Pods-taskApp.release.xcconfig"; sourceTree = "<group>"; };
/* End PBXFileReference section */

/* Begin PBXFrameworksBuildPhase section */
		4B121BBA2718043400268356 /* Frameworks */ = {
			isa = PBXFrameworksBuildPhase;
			buildActionMask = 2147483647;
			files = (
			);
			runOnlyForDeploymentPostprocessing = 0;
		};
/* End PBXFrameworksBuildPhase section */

/* Begin PBXGroup section */
		35CAC248CEEEB27E4895AFD3 /* Pods */ = {
			isa = PBXGroup;
			children = (
				48BBC87BC67158F01127FE03 /* Pods-taskApp.debug.xcconfig */,
				E4E5857A09274D8F5EC09599 /* Pods-taskApp.release.xcconfig */,
			);
			path = Pods;
			sourceTree = "<group>";
		};
		4B121BB42718043400268356 = {
			isa = PBXGroup;
			children = (
				4B121BBF2718043400268356 /* taskApp */,
				4B121BBE2718043400268356 /* Products */,
				35CAC248CEEEB27E4895AFD3 /* Pods */,
				C9C590DCF4A1BF97219757B8 /* Frameworks */,
			);
			sourceTree = "<group>";
		};
		4B121BBE2718043400268356 /* Products */ = {
			isa = PBXGroup;
			children = (
				4B121BBD2718043400268356 /* taskApp.app */,
			);
			name = Products;
			sourceTree = "<group>";
		};
		4B121BBF2718043400268356 /* taskApp */ = {
			isa = PBXGroup;
			children = (
				4B6665C727216E3800587893 /* util */,
				4B5D812E27204C2300DDB60A /* data */,
				4B5D812D2720481800DDB60A /* manager */,
				4BF73B0727201693006BEC2C /* customCell */,
				4B7845D2271FFCC50064DDFE /* repository */,
				4B7845CF271FF2C10064DDFE /* observable */,
				4B7845CA271FF0D10064DDFE /* viewmodel */,
				4B7845C7271FF0270064DDFE /* model */,
				4B7845C6271FEFFA0064DDFE /* viewcontroller */,
				4B121BD42718048A00268356 /* Podfile */,
				4B121BC02718043400268356 /* AppDelegate.swift */,
				4B121BC22718043400268356 /* SceneDelegate.swift */,
				4B121BC62718043400268356 /* Main.storyboard */,
				4B121BC92718043700268356 /* Assets.xcassets */,
				4B121BCB2718043700268356 /* LaunchScreen.storyboard */,
				4B121BCE2718043700268356 /* Info.plist */,
				4BF73B14272027F2006BEC2C /* Config.swift */,
				4BEF5CE72720425200554997 /* MegApp.xcdatamodeld */,
			);
			path = taskApp;
			sourceTree = "<group>";
		};
		4B5D812D2720481800DDB60A /* manager */ = {
			isa = PBXGroup;
			children = (
				4B5D813727204CF600DDB60A /* PaymentManager.swift */,
				4B5D813927204D0F00DDB60A /* ServiceManager.swift */,
			);
			path = manager;
			sourceTree = "<group>";
		};
		4B5D812E27204C2300DDB60A /* data */ = {
			isa = PBXGroup;
			children = (
				4B5D814B27206A0500DDB60A /* PaymentEntity+CoreDataClass.swift */,
				4B5D814D27206A0500DDB60A /* PaymentEntity+CoreDataProperties.swift */,
				4B5D814C27206A0500DDB60A /* ServiceEntity+CoreDataClass.swift */,
				4B5D814A27206A0500DDB60A /* ServiceEntity+CoreDataProperties.swift */,
			);
			path = data;
			sourceTree = "<group>";
		};
		4B6665C727216E3800587893 /* util */ = {
			isa = PBXGroup;
			children = (
				4B6665C827216E4D00587893 /* DeviceUtils.swift */,
			);
			path = util;
			sourceTree = "<group>";
		};
		4B7845C6271FEFFA0064DDFE /* viewcontroller */ = {
			isa = PBXGroup;
			children = (
				4B121BC42718043400268356 /* ViewController.swift */,
				4B8C8483271AF1CE008892AA /* CustomTabViewController.swift */,
				4B96C210271C36BC0047689C /* HomeViewController.swift */,
				4B96C212271C37260047689C /* HistoryViewController.swift */,
				4BF73B1627202927006BEC2C /* ServicePaymentViewController.swift */,
				4BF73B182720315F006BEC2C /* PaymentDetailsViewController.swift */,
			);
			path = viewcontroller;
			sourceTree = "<group>";
		};
		4B7845C7271FF0270064DDFE /* model */ = {
			isa = PBXGroup;
			children = (
				4B7845C8271FF0500064DDFE /* Payment.swift */,
				4BF73B0E27201EFB006BEC2C /* Service.swift */,
			);
			path = model;
			sourceTree = "<group>";
		};
		4B7845CA271FF0D10064DDFE /* viewmodel */ = {
			isa = PBXGroup;
			children = (
				4B7845CB271FF0E50064DDFE /* PaymnetList.swift */,
				4B7845CD271FF17C0064DDFE /* PaymentTableViewCell.swift */,
				4BF73B0A27201E91006BEC2C /* ServiceTableViewCellViewModel.swift */,
				4BF73B0C27201ED1006BEC2C /* ServiceList.swift */,
			);
			path = viewmodel;
			sourceTree = "<group>";
		};
		4B7845CF271FF2C10064DDFE /* observable */ = {
			isa = PBXGroup;
			children = (
				4B7845D0271FF2E10064DDFE /* Observable.swift */,
			);
			path = observable;
			sourceTree = "<group>";
		};
		4B7845D2271FFCC50064DDFE /* repository */ = {
			isa = PBXGroup;
			children = (
				4B7845D3271FFCDC0064DDFE /* PaymentRepository.swift */,
				4BF73B12272021D2006BEC2C /* ServiceRepository.swift */,
				4B5D814827205E3300DDB60A /* ImageRepository.swift */,
			);
			path = repository;
			sourceTree = "<group>";
		};
		4BF73B0727201693006BEC2C /* customCell */ = {
			isa = PBXGroup;
			children = (
				4B6665C32720959100587893 /* ServiceTVC.swift */,
				4B6665C52721241500587893 /* PaymentTVC.swift */,
			);
			path = customCell;
			sourceTree = "<group>";
		};
		C9C590DCF4A1BF97219757B8 /* Frameworks */ = {
			isa = PBXGroup;
			children = (
				4B5D813B2720548900DDB60A /* Pods_taskApp.framework */,
				DB3E37DE46A3C3466C2C834A /* Pods_taskApp.framework */,
			);
			name = Frameworks;
			sourceTree = "<group>";
		};
/* End PBXGroup section */

/* Begin PBXNativeTarget section */
		4B121BBC2718043400268356 /* taskApp */ = {
			isa = PBXNativeTarget;
			buildConfigurationList = 4B121BD12718043700268356 /* Build configuration list for PBXNativeTarget "taskApp" */;
			buildPhases = (
				66C85FD348A08F5E4B79F702 /* [CP] Check Pods Manifest.lock */,
				4B121BB92718043400268356 /* Sources */,
				4B121BBA2718043400268356 /* Frameworks */,
				4B121BBB2718043400268356 /* Resources */,
				40C06795A758C490F2D652D7 /* [CP] Embed Pods Frameworks */,
			);
			buildRules = (
			);
			dependencies = (
			);
			name = taskApp;
			productName = taskApp;
			productReference = 4B121BBD2718043400268356 /* taskApp.app */;
			productType = "com.apple.product-type.application";
		};
/* End PBXNativeTarget section */

/* Begin PBXProject section */
		4B121BB52718043400268356 /* Project object */ = {
			isa = PBXProject;
			attributes = {
				LastSwiftUpdateCheck = 1250;
				LastUpgradeCheck = 1250;
				TargetAttributes = {
					4B121BBC2718043400268356 = {
						CreatedOnToolsVersion = 12.5.1;
					};
				};
			};
			buildConfigurationList = 4B121BB82718043400268356 /* Build configuration list for PBXProject "taskApp" */;
			compatibilityVersion = "Xcode 9.3";
			developmentRegion = en;
			hasScannedForEncodings = 0;
			knownRegions = (
				en,
				Base,
			);
			mainGroup = 4B121BB42718043400268356;
			productRefGroup = 4B121BBE2718043400268356 /* Products */;
			projectDirPath = "";
			projectRoot = "";
			targets = (
				4B121BBC2718043400268356 /* taskApp */,
			);
		};
/* End PBXProject section */

/* Begin PBXResourcesBuildPhase section */
		4B121BBB2718043400268356 /* Resources */ = {
			isa = PBXResourcesBuildPhase;
			buildActionMask = 2147483647;
			files = (
				4B121BCD2718043700268356 /* LaunchScreen.storyboard in Resources */,
				4B121BCA2718043700268356 /* Assets.xcassets in Resources */,
				4B121BD52718048A00268356 /* Podfile in Resources */,
				4B121BC82718043400268356 /* Main.storyboard in Resources */,
			);
			runOnlyForDeploymentPostprocessing = 0;
		};
/* End PBXResourcesBuildPhase section */

/* Begin PBXShellScriptBuildPhase section */
		40C06795A758C490F2D652D7 /* [CP] Embed Pods Frameworks */ = {
			isa = PBXShellScriptBuildPhase;
			buildActionMask = 2147483647;
			files = (
			);
			inputFileListPaths = (
				"${PODS_ROOT}/Target Support Files/Pods-taskApp/Pods-taskApp-frameworks-${CONFIGURATION}-input-files.xcfilelist",
			);
			name = "[CP] Embed Pods Frameworks";
			outputFileListPaths = (
				"${PODS_ROOT}/Target Support Files/Pods-taskApp/Pods-taskApp-frameworks-${CONFIGURATION}-output-files.xcfilelist",
			);
			runOnlyForDeploymentPostprocessing = 0;
			shellPath = /bin/sh;
			shellScript = "\"${PODS_ROOT}/Target Support Files/Pods-taskApp/Pods-taskApp-frameworks.sh\"\n";
			showEnvVarsInLog = 0;
		};
		66C85FD348A08F5E4B79F702 /* [CP] Check Pods Manifest.lock */ = {
			isa = PBXShellScriptBuildPhase;
			buildActionMask = 2147483647;
			files = (
			);
			inputFileListPaths = (
			);
			inputPaths = (
				"${PODS_PODFILE_DIR_PATH}/Podfile.lock",
				"${PODS_ROOT}/Manifest.lock",
			);
			name = "[CP] Check Pods Manifest.lock";
			outputFileListPaths = (
			);
			outputPaths = (
				"$(DERIVED_FILE_DIR)/Pods-taskApp-checkManifestLockResult.txt",
			);
			runOnlyForDeploymentPostprocessing = 0;
			shellPath = /bin/sh;
			shellScript = "diff \"${PODS_PODFILE_DIR_PATH}/Podfile.lock\" \"${PODS_ROOT}/Manifest.lock\" > /dev/null\nif [ $? != 0 ] ; then\n    # print error to STDERR\n    echo \"error: The sandbox is not in sync with the Podfile.lock. Run 'pod install' or update your CocoaPods installation.\" >&2\n    exit 1\nfi\n# This output is used by Xcode 'outputs' to avoid re-running this script phase.\necho \"SUCCESS\" > \"${SCRIPT_OUTPUT_FILE_0}\"\n";
			showEnvVarsInLog = 0;
		};
/* End PBXShellScriptBuildPhase section */

/* Begin PBXSourcesBuildPhase section */
		4B121BB92718043400268356 /* Sources */ = {
			isa = PBXSourcesBuildPhase;
			buildActionMask = 2147483647;
			files = (
				4B96C211271C36BC0047689C /* HomeViewController.swift in Sources */,
				4B8C8484271AF1CE008892AA /* CustomTabViewController.swift in Sources */,
				4BF73B0F27201EFB006BEC2C /* Service.swift in Sources */,
				4B7845CE271FF17C0064DDFE /* PaymentTableViewCell.swift in Sources */,
				4B5D813A27204D0F00DDB60A /* ServiceManager.swift in Sources */,
				4B6665C927216E4D00587893 /* DeviceUtils.swift in Sources */,
				4B6665C42720959100587893 /* ServiceTVC.swift in Sources */,
				4B7845C9271FF0500064DDFE /* Payment.swift in Sources */,
				4B121BC52718043400268356 /* ViewController.swift in Sources */,
				4BF73B1727202927006BEC2C /* ServicePaymentViewController.swift in Sources */,
				4BF73B192720315F006BEC2C /* PaymentDetailsViewController.swift in Sources */,
				4B6665C62721241500587893 /* PaymentTVC.swift in Sources */,
				4B7845CC271FF0E50064DDFE /* PaymnetList.swift in Sources */,
				4B5D814E27206A0500DDB60A /* ServiceEntity+CoreDataProperties.swift in Sources */,
				4BF73B13272021D2006BEC2C /* ServiceRepository.swift in Sources */,
				4B5D814F27206A0500DDB60A /* PaymentEntity+CoreDataClass.swift in Sources */,
				4BEF5CE92720425200554997 /* MegApp.xcdatamodeld in Sources */,
				4B5D813827204CF600DDB60A /* PaymentManager.swift in Sources */,
				4B7845D1271FF2E10064DDFE /* Observable.swift in Sources */,
				4B5D815027206A0500DDB60A /* ServiceEntity+CoreDataClass.swift in Sources */,
				4B96C213271C37260047689C /* HistoryViewController.swift in Sources */,
				4B5D815127206A0500DDB60A /* PaymentEntity+CoreDataProperties.swift in Sources */,
				4BF73B15272027F2006BEC2C /* Config.swift in Sources */,
				4B7845D4271FFCDC0064DDFE /* PaymentRepository.swift in Sources */,
				4BF73B0D27201ED1006BEC2C /* ServiceList.swift in Sources */,
				4BF73B0B27201E91006BEC2C /* ServiceTableViewCellViewModel.swift in Sources */,
				4B121BC12718043400268356 /* AppDelegate.swift in Sources */,
				4B121BC32718043400268356 /* SceneDelegate.swift in Sources */,
				4B5D814927205E3400DDB60A /* ImageRepository.swift in Sources */,
			);
			runOnlyForDeploymentPostprocessing = 0;
		};
/* End PBXSourcesBuildPhase section */

/* Begin PBXVariantGroup section */
		4B121BC62718043400268356 /* Main.storyboard */ = {
			isa = PBXVariantGroup;
			children = (
				4B121BC72718043400268356 /* Base */,
			);
			name = Main.storyboard;
			sourceTree = "<group>";
		};
		4B121BCB2718043700268356 /* LaunchScreen.storyboard */ = {
			isa = PBXVariantGroup;
			children = (
				4B121BCC2718043700268356 /* Base */,
			);
			name = LaunchScreen.storyboard;
			sourceTree = "<group>";
		};
/* End PBXVariantGroup section */

/* Begin XCBuildConfiguration section */
		4B121BCF2718043700268356 /* Debug */ = {
			isa = XCBuildConfiguration;
			buildSettings = {
				ALWAYS_SEARCH_USER_PATHS = NO;
				CLANG_ANALYZER_NONNULL = YES;
				CLANG_ANALYZER_NUMBER_OBJECT_CONVERSION = YES_AGGRESSIVE;
				CLANG_CXX_LANGUAGE_STANDARD = "gnu++14";
				CLANG_CXX_LIBRARY = "libc++";
				CLANG_ENABLE_MODULES = YES;
				CLANG_ENABLE_OBJC_ARC = YES;
				CLANG_ENABLE_OBJC_WEAK = YES;
				CLANG_WARN_BLOCK_CAPTURE_AUTORELEASING = YES;
				CLANG_WARN_BOOL_CONVERSION = YES;
				CLANG_WARN_COMMA = YES;
				CLANG_WARN_CONSTANT_CONVERSION = YES;
				CLANG_WARN_DEPRECATED_OBJC_IMPLEMENTATIONS = YES;
				CLANG_WARN_DIRECT_OBJC_ISA_USAGE = YES_ERROR;
				CLANG_WARN_DOCUMENTATION_COMMENTS = YES;
				CLANG_WARN_EMPTY_BODY = YES;
				CLANG_WARN_ENUM_CONVERSION = YES;
				CLANG_WARN_INFINITE_RECURSION = YES;
				CLANG_WARN_INT_CONVERSION = YES;
				CLANG_WARN_NON_LITERAL_NULL_CONVERSION = YES;
				CLANG_WARN_OBJC_IMPLICIT_RETAIN_SELF = YES;
				CLANG_WARN_OBJC_LITERAL_CONVERSION = YES;
				CLANG_WARN_OBJC_ROOT_CLASS = YES_ERROR;
				CLANG_WARN_QUOTED_INCLUDE_IN_FRAMEWORK_HEADER = YES;
				CLANG_WARN_RANGE_LOOP_ANALYSIS = YES;
				CLANG_WARN_STRICT_PROTOTYPES = YES;
				CLANG_WARN_SUSPICIOUS_MOVE = YES;
				CLANG_WARN_UNGUARDED_AVAILABILITY = YES_AGGRESSIVE;
				CLANG_WARN_UNREACHABLE_CODE = YES;
				CLANG_WARN__DUPLICATE_METHOD_MATCH = YES;
				COPY_PHASE_STRIP = NO;
				DEBUG_INFORMATION_FORMAT = dwarf;
				ENABLE_STRICT_OBJC_MSGSEND = YES;
				ENABLE_TESTABILITY = YES;
				GCC_C_LANGUAGE_STANDARD = gnu11;
				GCC_DYNAMIC_NO_PIC = NO;
				GCC_NO_COMMON_BLOCKS = YES;
				GCC_OPTIMIZATION_LEVEL = 0;
				GCC_PREPROCESSOR_DEFINITIONS = (
					"DEBUG=1",
					"$(inherited)",
				);
				GCC_WARN_64_TO_32_BIT_CONVERSION = YES;
				GCC_WARN_ABOUT_RETURN_TYPE = YES_ERROR;
				GCC_WARN_UNDECLARED_SELECTOR = YES;
				GCC_WARN_UNINITIALIZED_AUTOS = YES_AGGRESSIVE;
				GCC_WARN_UNUSED_FUNCTION = YES;
				GCC_WARN_UNUSED_VARIABLE = YES;
				IPHONEOS_DEPLOYMENT_TARGET = 14.5;
				MTL_ENABLE_DEBUG_INFO = INCLUDE_SOURCE;
				MTL_FAST_MATH = YES;
				ONLY_ACTIVE_ARCH = YES;
				SDKROOT = iphoneos;
				SWIFT_ACTIVE_COMPILATION_CONDITIONS = DEBUG;
				SWIFT_OPTIMIZATION_LEVEL = "-Onone";
			};
			name = Debug;
		};
		4B121BD02718043700268356 /* Release */ = {
			isa = XCBuildConfiguration;
			buildSettings = {
				ALWAYS_SEARCH_USER_PATHS = NO;
				CLANG_ANALYZER_NONNULL = YES;
				CLANG_ANALYZER_NUMBER_OBJECT_CONVERSION = YES_AGGRESSIVE;
				CLANG_CXX_LANGUAGE_STANDARD = "gnu++14";
				CLANG_CXX_LIBRARY = "libc++";
				CLANG_ENABLE_MODULES = YES;
				CLANG_ENABLE_OBJC_ARC = YES;
				CLANG_ENABLE_OBJC_WEAK = YES;
				CLANG_WARN_BLOCK_CAPTURE_AUTORELEASING = YES;
				CLANG_WARN_BOOL_CONVERSION = YES;
				CLANG_WARN_COMMA = YES;
				CLANG_WARN_CONSTANT_CONVERSION = YES;
				CLANG_WARN_DEPRECATED_OBJC_IMPLEMENTATIONS = YES;
				CLANG_WARN_DIRECT_OBJC_ISA_USAGE = YES_ERROR;
				CLANG_WARN_DOCUMENTATION_COMMENTS = YES;
				CLANG_WARN_EMPTY_BODY = YES;
				CLANG_WARN_ENUM_CONVERSION = YES;
				CLANG_WARN_INFINITE_RECURSION = YES;
				CLANG_WARN_INT_CONVERSION = YES;
				CLANG_WARN_NON_LITERAL_NULL_CONVERSION = YES;
				CLANG_WARN_OBJC_IMPLICIT_RETAIN_SELF = YES;
				CLANG_WARN_OBJC_LITERAL_CONVERSION = YES;
				CLANG_WARN_OBJC_ROOT_CLASS = YES_ERROR;
				CLANG_WARN_QUOTED_INCLUDE_IN_FRAMEWORK_HEADER = YES;
				CLANG_WARN_RANGE_LOOP_ANALYSIS = YES;
				CLANG_WARN_STRICT_PROTOTYPES = YES;
				CLANG_WARN_SUSPICIOUS_MOVE = YES;
				CLANG_WARN_UNGUARDED_AVAILABILITY = YES_AGGRESSIVE;
				CLANG_WARN_UNREACHABLE_CODE = YES;
				CLANG_WARN__DUPLICATE_METHOD_MATCH = YES;
				COPY_PHASE_STRIP = NO;
				DEBUG_INFORMATION_FORMAT = "dwarf-with-dsym";
				ENABLE_NS_ASSERTIONS = NO;
				ENABLE_STRICT_OBJC_MSGSEND = YES;
				GCC_C_LANGUAGE_STANDARD = gnu11;
				GCC_NO_COMMON_BLOCKS = YES;
				GCC_WARN_64_TO_32_BIT_CONVERSION = YES;
				GCC_WARN_ABOUT_RETURN_TYPE = YES_ERROR;
				GCC_WARN_UNDECLARED_SELECTOR = YES;
				GCC_WARN_UNINITIALIZED_AUTOS = YES_AGGRESSIVE;
				GCC_WARN_UNUSED_FUNCTION = YES;
				GCC_WARN_UNUSED_VARIABLE = YES;
				IPHONEOS_DEPLOYMENT_TARGET = 14.5;
				MTL_ENABLE_DEBUG_INFO = NO;
				MTL_FAST_MATH = YES;
				SDKROOT = iphoneos;
				SWIFT_COMPILATION_MODE = wholemodule;
				SWIFT_OPTIMIZATION_LEVEL = "-O";
				VALIDATE_PRODUCT = YES;
			};
			name = Release;
		};
		4B121BD22718043700268356 /* Debug */ = {
			isa = XCBuildConfiguration;
			baseConfigurationReference = 48BBC87BC67158F01127FE03 /* Pods-taskApp.debug.xcconfig */;
			buildSettings = {
				ASSETCATALOG_COMPILER_APPICON_NAME = AppIcon;
				ASSETCATALOG_COMPILER_GLOBAL_ACCENT_COLOR_NAME = AccentColor;
				CODE_SIGN_STYLE = Automatic;
				DEVELOPMENT_TEAM = J37J2R6GX9;
				INFOPLIST_FILE = taskApp/Info.plist;
				IPHONEOS_DEPLOYMENT_TARGET = 13.0;
				LD_RUNPATH_SEARCH_PATHS = (
					"$(inherited)",
					"@executable_path/Frameworks",
				);
				PRODUCT_BUNDLE_IDENTIFIER = tj.sodiq.taskApp;
				PRODUCT_NAME = "$(TARGET_NAME)";
				SWIFT_VERSION = 5.0;
				TARGETED_DEVICE_FAMILY = "1,2";
			};
			name = Debug;
		};
		4B121BD32718043700268356 /* Release */ = {
			isa = XCBuildConfiguration;
			baseConfigurationReference = E4E5857A09274D8F5EC09599 /* Pods-taskApp.release.xcconfig */;
			buildSettings = {
				ASSETCATALOG_COMPILER_APPICON_NAME = AppIcon;
				ASSETCATALOG_COMPILER_GLOBAL_ACCENT_COLOR_NAME = AccentColor;
				CODE_SIGN_STYLE = Automatic;
				DEVELOPMENT_TEAM = J37J2R6GX9;
				INFOPLIST_FILE = taskApp/Info.plist;
				IPHONEOS_DEPLOYMENT_TARGET = 13.0;
				LD_RUNPATH_SEARCH_PATHS = (
					"$(inherited)",
					"@executable_path/Frameworks",
				);
				PRODUCT_BUNDLE_IDENTIFIER = tj.sodiq.taskApp;
				PRODUCT_NAME = "$(TARGET_NAME)";
				SWIFT_VERSION = 5.0;
				TARGETED_DEVICE_FAMILY = "1,2";
			};
			name = Release;
		};
/* End XCBuildConfiguration section */

/* Begin XCConfigurationList section */
		4B121BB82718043400268356 /* Build configuration list for PBXProject "taskApp" */ = {
			isa = XCConfigurationList;
			buildConfigurations = (
				4B121BCF2718043700268356 /* Debug */,
				4B121BD02718043700268356 /* Release */,
			);
			defaultConfigurationIsVisible = 0;
			defaultConfigurationName = Release;
		};
		4B121BD12718043700268356 /* Build configuration list for PBXNativeTarget "taskApp" */ = {
			isa = XCConfigurationList;
			buildConfigurations = (
				4B121BD22718043700268356 /* Debug */,
				4B121BD32718043700268356 /* Release */,
			);
			defaultConfigurationIsVisible = 0;
			defaultConfigurationName = Release;
		};
/* End XCConfigurationList section */

/* Begin XCVersionGroup section */
		4BEF5CE72720425200554997 /* MegApp.xcdatamodeld */ = {
			isa = XCVersionGroup;
			children = (
				4BEF5CE82720425200554997 /* MegApp.xcdatamodel */,
			);
			currentVersion = 4BEF5CE82720425200554997 /* MegApp.xcdatamodel */;
			path = MegApp.xcdatamodeld;
			sourceTree = "<group>";
			versionGroupType = wrapper.xcdatamodel;
		};
/* End XCVersionGroup section */
	};
	rootObject = 4B121BB52718043400268356 /* Project object */;
}
